
Microsoft Visual Studio Solution File, Format Version 12.00
# Visual Studio Version 17
VisualStudioVersion = 17.11.35312.102
MinimumVisualStudioVersion = 10.0.40219.1
Project("{9A19103F-16F7-4668-BE54-9A1E7A4F7556}") = "HHADotNetCore.ConsoleApp", "HHADotNetCore.ConsoleApp\HHADotNetCore.ConsoleApp.csproj", "{D98AE0E9-93F6-4C6B-A293-533DAF30A138}"
EndProject
Project("{2150E333-8FDC-42A3-9474-1A3956D46DE8}") = "Documents", "Documents", "{5C5C9B85-5558-4A35-B889-5DC275429A2A}"
	ProjectSection(SolutionItems) = preProject
		README.md = README.md
	EndProjectSection
EndProject
Project("{9A19103F-16F7-4668-BE54-9A1E7A4F7556}") = "HHADotNetCore.Database", "HHADotNetCore.Database\HHADotNetCore.Database.csproj", "{148AD20C-67C0-4CB6-8B28-8ECE23C42D22}"
EndProject
Project("{9A19103F-16F7-4668-BE54-9A1E7A4F7556}") = "HHADotNetCore.ConsoleApp2", "HHADotNetCore.ConsoleApp2\HHADotNetCore.ConsoleApp2.csproj", "{7069C5C5-145D-449C-A232-AA6256EC21DD}"
EndProject
Project("{9A19103F-16F7-4668-BE54-9A1E7A4F7556}") = "HHADotNetCore.RestApi", "HHADotNetCore.RestApi\HHADotNetCore.RestApi.csproj", "{138D4FBD-F12E-464D-9D3C-260543DB5FD5}"
EndProject
Project("{2150E333-8FDC-42A3-9474-1A3956D46DE8}") = "Solution Items", "Solution Items", "{4A48939C-C9CE-44AB-9A56-9BDBE2C8DDD0}"
EndProject
Project("{FAE04EC0-301F-11D3-BF4B-00C04F79EFBC}") = "ToDoList.Database", "ToDoList.Database\ToDoList.Database.csproj", "{4F5E4AE8-C24F-45AC-B3C6-7C262914D363}"
EndProject
Global
	GlobalSection(SolutionConfigurationPlatforms) = preSolution
		Debug|Any CPU = Debug|Any CPU
		Release|Any CPU = Release|Any CPU
	EndGlobalSection
	GlobalSection(ProjectConfigurationPlatforms) = postSolution
		{D98AE0E9-93F6-4C6B-A293-533DAF30A138}.Debug|Any CPU.ActiveCfg = Debug|Any CPU
		{D98AE0E9-93F6-4C6B-A293-533DAF30A138}.Debug|Any CPU.Build.0 = Debug|Any CPU
		{D98AE0E9-93F6-4C6B-A293-533DAF30A138}.Release|Any CPU.ActiveCfg = Release|Any CPU
		{D98AE0E9-93F6-4C6B-A293-533DAF30A138}.Release|Any CPU.Build.0 = Release|Any CPU
		{148AD20C-67C0-4CB6-8B28-8ECE23C42D22}.Debug|Any CPU.ActiveCfg = Debug|Any CPU
		{148AD20C-67C0-4CB6-8B28-8ECE23C42D22}.Debug|Any CPU.Build.0 = Debug|Any CPU
		{148AD20C-67C0-4CB6-8B28-8ECE23C42D22}.Release|Any CPU.ActiveCfg = Release|Any CPU
		{148AD20C-67C0-4CB6-8B28-8ECE23C42D22}.Release|Any CPU.Build.0 = Release|Any CPU
		{7069C5C5-145D-449C-A232-AA6256EC21DD}.Debug|Any CPU.ActiveCfg = Debug|Any CPU
		{7069C5C5-145D-449C-A232-AA6256EC21DD}.Debug|Any CPU.Build.0 = Debug|Any CPU
		{7069C5C5-145D-449C-A232-AA6256EC21DD}.Release|Any CPU.ActiveCfg = Release|Any CPU
		{7069C5C5-145D-449C-A232-AA6256EC21DD}.Release|Any CPU.Build.0 = Release|Any CPU
		{138D4FBD-F12E-464D-9D3C-260543DB5FD5}.Debug|Any CPU.ActiveCfg = Debug|Any CPU
		{138D4FBD-F12E-464D-9D3C-260543DB5FD5}.Debug|Any CPU.Build.0 = Debug|Any CPU
		{138D4FBD-F12E-464D-9D3C-260543DB5FD5}.Release|Any CPU.ActiveCfg = Release|Any CPU
		{138D4FBD-F12E-464D-9D3C-260543DB5FD5}.Release|Any CPU.Build.0 = Release|Any CPU
		{4F5E4AE8-C24F-45AC-B3C6-7C262914D363}.Debug|Any CPU.ActiveCfg = Debug|Any CPU
		{4F5E4AE8-C24F-45AC-B3C6-7C262914D363}.Debug|Any CPU.Build.0 = Debug|Any CPU
		{4F5E4AE8-C24F-45AC-B3C6-7C262914D363}.Release|Any CPU.ActiveCfg = Release|Any CPU
		{4F5E4AE8-C24F-45AC-B3C6-7C262914D363}.Release|Any CPU.Build.0 = Release|Any CPU
	EndGlobalSection
	GlobalSection(SolutionProperties) = preSolution
		HideSolutionNode = FALSE
	EndGlobalSection
	GlobalSection(ExtensibilityGlobals) = postSolution
		SolutionGuid = {F934EB71-1562-405F-9359-FD45407A9421}
	EndGlobalSection
EndGlobal
